
Microsoft Visual Studio Solution File, Format Version 12.00
# Visual Studio 15
VisualStudioVersion = 15.0.28307.572
MinimumVisualStudioVersion = 10.0.40219.1
Project("{F184B08F-C81C-45F6-A57F-5ABD9991F28F}") = "Presentacion", "Presentacion\Presentacion.vbproj", "{456EA88C-1426-4E2F-B735-BA784F7C9371}"
EndProject
Project("{F184B08F-C81C-45F6-A57F-5ABD9991F28F}") = "Datos", "Datos\Datos.vbproj", "{502D4B15-DC6C-48BD-9C65-4403D1A34B15}"
EndProject
Project("{F184B08F-C81C-45F6-A57F-5ABD9991F28F}") = "Entidades", "Entidades\Entidades.vbproj", "{BB049094-B7EC-4EF1-9549-684A6CA8F67B}"
EndProject
Project("{F184B08F-C81C-45F6-A57F-5ABD9991F28F}") = "Negocios", "Negocios\Negocios.vbproj", "{534A7C8B-B10A-4207-B99C-5F8A4E92FA33}"
EndProject
Project("{F184B08F-C81C-45F6-A57F-5ABD9991F28F}") = "Configuracion", "Configuracion\Configuracion.vbproj", "{DF92D440-7BE8-4C13-AC3C-4895F2DB4971}"
EndProject
Global
	GlobalSection(SolutionConfigurationPlatforms) = preSolution
		Debug|Any CPU = Debug|Any CPU
		Release|Any CPU = Release|Any CPU
	EndGlobalSection
	GlobalSection(ProjectConfigurationPlatforms) = postSolution
		{456EA88C-1426-4E2F-B735-BA784F7C9371}.Debug|Any CPU.ActiveCfg = Debug|Any CPU
		{456EA88C-1426-4E2F-B735-BA784F7C9371}.Debug|Any CPU.Build.0 = Debug|Any CPU
		{456EA88C-1426-4E2F-B735-BA784F7C9371}.Release|Any CPU.ActiveCfg = Release|Any CPU
		{456EA88C-1426-4E2F-B735-BA784F7C9371}.Release|Any CPU.Build.0 = Release|Any CPU
		{502D4B15-DC6C-48BD-9C65-4403D1A34B15}.Debug|Any CPU.ActiveCfg = Debug|Any CPU
		{502D4B15-DC6C-48BD-9C65-4403D1A34B15}.Debug|Any CPU.Build.0 = Debug|Any CPU
		{502D4B15-DC6C-48BD-9C65-4403D1A34B15}.Release|Any CPU.ActiveCfg = Release|Any CPU
		{502D4B15-DC6C-48BD-9C65-4403D1A34B15}.Release|Any CPU.Build.0 = Release|Any CPU
		{BB049094-B7EC-4EF1-9549-684A6CA8F67B}.Debug|Any CPU.ActiveCfg = Debug|Any CPU
		{BB049094-B7EC-4EF1-9549-684A6CA8F67B}.Debug|Any CPU.Build.0 = Debug|Any CPU
		{BB049094-B7EC-4EF1-9549-684A6CA8F67B}.Release|Any CPU.ActiveCfg = Release|Any CPU
		{BB049094-B7EC-4EF1-9549-684A6CA8F67B}.Release|Any CPU.Build.0 = Release|Any CPU
		{534A7C8B-B10A-4207-B99C-5F8A4E92FA33}.Debug|Any CPU.ActiveCfg = Debug|Any CPU
		{534A7C8B-B10A-4207-B99C-5F8A4E92FA33}.Debug|Any CPU.Build.0 = Debug|Any CPU
		{534A7C8B-B10A-4207-B99C-5F8A4E92FA33}.Release|Any CPU.ActiveCfg = Release|Any CPU
		{534A7C8B-B10A-4207-B99C-5F8A4E92FA33}.Release|Any CPU.Build.0 = Release|Any CPU
		{DF92D440-7BE8-4C13-AC3C-4895F2DB4971}.Debug|Any CPU.ActiveCfg = Debug|Any CPU
		{DF92D440-7BE8-4C13-AC3C-4895F2DB4971}.Debug|Any CPU.Build.0 = Debug|Any CPU
		{DF92D440-7BE8-4C13-AC3C-4895F2DB4971}.Release|Any CPU.ActiveCfg = Release|Any CPU
		{DF92D440-7BE8-4C13-AC3C-4895F2DB4971}.Release|Any CPU.Build.0 = Release|Any CPU
	EndGlobalSection
	GlobalSection(SolutionProperties) = preSolution
		HideSolutionNode = FALSE
	EndGlobalSection
	GlobalSection(ExtensibilityGlobals) = postSolution
		SolutionGuid = {5876D954-7AE6-4FBA-B747-FD889855EA03}
	EndGlobalSection
EndGlobal
